{
  "name": "plain-chat",
  "version": "1.0.0",
  "lockfileVersion": 3,
  "requires": true,
  "packages": {
    "": {
      "name": "plain-chat",
      "version": "1.0.0",
      "license": "ISC",
      "dependencies": {
        "uWebSockets.js": "github:unetworking/uwebsockets.js#v20.33.0"
      }
    },
    "node_modules/uWebSockets.js": {
      "version": "20.33.0",
      "resolved": "git+ssh://git@github.com/unetworking/uwebsockets.js.git#c10b47c350cc97c299c6b4a07a98abb628704c71",
      "license": "Apache-2.0"
    }
  }
}
